
Microsoft Visual Studio Solution File, Format Version 12.00
# Visual Studio Version 17
VisualStudioVersion = 17.10.35027.167
MinimumVisualStudioVersion = 10.0.40219.1
Project("{FAE04EC0-301F-11D3-BF4B-00C04F79EFBC}") = "Lab1ED2_1182222", "Lab1ED2_1182222\Lab1ED2_1182222.csproj", "{0793868D-0BE7-4345-A740-34052B957DD1}"
EndProject
Global
	GlobalSection(SolutionConfigurationPlatforms) = preSolution
		Debug|Any CPU = Debug|Any CPU
		Release|Any CPU = Release|Any CPU
	EndGlobalSection
	GlobalSection(ProjectConfigurationPlatforms) = postSolution
		{0793868D-0BE7-4345-A740-34052B957DD1}.Debug|Any CPU.ActiveCfg = Debug|Any CPU
		{0793868D-0BE7-4345-A740-34052B957DD1}.Debug|Any CPU.Build.0 = Debug|Any CPU
		{0793868D-0BE7-4345-A740-34052B957DD1}.Release|Any CPU.ActiveCfg = Release|Any CPU
		{0793868D-0BE7-4345-A740-34052B957DD1}.Release|Any CPU.Build.0 = Release|Any CPU
	EndGlobalSection
	GlobalSection(SolutionProperties) = preSolution
		HideSolutionNode = FALSE
	EndGlobalSection
	GlobalSection(ExtensibilityGlobals) = postSolution
		SolutionGuid = {0C1E744D-01F2-4F3A-B936-72062026E9FC}
	EndGlobalSection
EndGlobal
