
Microsoft Visual Studio Solution File, Format Version 12.00
# Visual Studio Version 17
VisualStudioVersion = 17.10.35027.167
MinimumVisualStudioVersion = 10.0.40219.1
Project("{FAE04EC0-301F-11D3-BF4B-00C04F79EFBC}") = "Lab2y3_ED2_1182222", "Lab2y3_ED2_1182222\Lab2y3_ED2_1182222.csproj", "{007011EB-8142-4BEC-9B8C-25E4A6FBA4E5}"
EndProject
Global
	GlobalSection(SolutionConfigurationPlatforms) = preSolution
		Debug|Any CPU = Debug|Any CPU
		Release|Any CPU = Release|Any CPU
	EndGlobalSection
	GlobalSection(ProjectConfigurationPlatforms) = postSolution
		{007011EB-8142-4BEC-9B8C-25E4A6FBA4E5}.Debug|Any CPU.ActiveCfg = Debug|Any CPU
		{007011EB-8142-4BEC-9B8C-25E4A6FBA4E5}.Debug|Any CPU.Build.0 = Debug|Any CPU
		{007011EB-8142-4BEC-9B8C-25E4A6FBA4E5}.Release|Any CPU.ActiveCfg = Release|Any CPU
		{007011EB-8142-4BEC-9B8C-25E4A6FBA4E5}.Release|Any CPU.Build.0 = Release|Any CPU
	EndGlobalSection
	GlobalSection(SolutionProperties) = preSolution
		HideSolutionNode = FALSE
	EndGlobalSection
	GlobalSection(ExtensibilityGlobals) = postSolution
		SolutionGuid = {41B630B6-93A5-405C-9DE3-A1C4C53FDC9D}
	EndGlobalSection
EndGlobal
